# This file was autogenerated by Stack.
# You should not edit this file by hand.
# For more information, please see the documentation at:
#   https://docs.haskellstack.org/en/stable/lock_files

packages: []
snapshots:
- completed:
    sha256: c9ed6aa269af29d96411293c0933c3ac7c4a34380c9b7ddcc0f9cc427a52a1c6
    size: 644555
    url: https://raw.githubusercontent.com/commercialhaskell/stackage-snapshots/master/nightly/2024/5/31.yaml
  original: nightly-2024-05-31
